// !$*UTF8*$!
{
	archiveVersion = 1;
	classes = {
	};
	objectVersion = 48;
	objects = {

/* Begin PBXBuildFile section */
		7388AC221FBB78C100E3BF5E /* AppDelegate.swift in Sources */ = {isa = PBXBuildFile; fileRef = 7388AC211FBB78C100E3BF5E /* AppDelegate.swift */; };
		7388AC241FBB78C100E3BF5E /* ViewController.swift in Sources */ = {isa = PBXBuildFile; fileRef = 7388AC231FBB78C100E3BF5E /* ViewController.swift */; };
		7388AC271FBB78C100E3BF5E /* Main.storyboard in Resources */ = {isa = PBXBuildFile; fileRef = 7388AC251FBB78C100E3BF5E /* Main.storyboard */; };
		7388AC291FBB78C100E3BF5E /* Assets.xcassets in Resources */ = {isa = PBXBuildFile; fileRef = 7388AC281FBB78C100E3BF5E /* Assets.xcassets */; };
		7388AC2C1FBB78C100E3BF5E /* LaunchScreen.storyboard in Resources */ = {isa = PBXBuildFile; fileRef = 7388AC2A1FBB78C100E3BF5E /* LaunchScreen.storyboard */; };
		7388AC341FBB79E500E3BF5E /* IntroView.swift in Sources */ = {isa = PBXBuildFile; fileRef = 7388AC331FBB79E500E3BF5E /* IntroView.swift */; };
		9FE06A4879979CA550405854 /* Pods_Hello_World.framework in Frameworks */ = {isa = PBXBuildFile; fileRef = B43E76339FF1B7BCB65FCEB0 /* Pods_Hello_World.framework */; };
/* End PBXBuildFile section */

/* Begin PBXFileReference section */
		44A0D89A9252AA813FF67623 /* Pods-Hello World.debug.xcconfig */ = {isa = PBXFileReference; includeInIndex = 1; lastKnownFileType = text.xcconfig; name = "Pods-Hello World.debug.xcconfig"; path = "Pods/Target Support Files/Pods-Hello World/Pods-Hello World.debug.xcconfig"; sourceTree = "<group>"; };
		7388AC1E1FBB78C100E3BF5E /* Hello World.app */ = {isa = PBXFileReference; explicitFileType = wrapper.application; includeInIndex = 0; path = "Hello World.app"; sourceTree = BUILT_PRODUCTS_DIR; };
		7388AC211FBB78C100E3BF5E /* AppDelegate.swift */ = {isa = PBXFileReference; lastKnownFileType = sourcecode.swift; path = AppDelegate.swift; sourceTree = "<group>"; };
		7388AC231FBB78C100E3BF5E /* ViewController.swift */ = {isa = PBXFileReference; lastKnownFileType = sourcecode.swift; path = ViewController.swift; sourceTree = "<group>"; };
		7388AC261FBB78C100E3BF5E /* Base */ = {isa = PBXFileReference; lastKnownFileType = file.storyboard; name = Base; path = Base.lproj/Main.storyboard; sourceTree = "<group>"; };
		7388AC281FBB78C100E3BF5E /* Assets.xcassets */ = {isa = PBXFileReference; lastKnownFileType = folder.assetcatalog; path = Assets.xcassets; sourceTree = "<group>"; };
		7388AC2B1FBB78C100E3BF5E /* Base */ = {isa = PBXFileReference; lastKnownFileType = file.storyboard; name = Base; path = Base.lproj/LaunchScreen.storyboard; sourceTree = "<group>"; };
		7388AC2D1FBB78C100E3BF5E /* Info.plist */ = {isa = PBXFileReference; lastKnownFileType = text.plist.xml; path = Info.plist; sourceTree = "<group>"; };
		7388AC331FBB79E500E3BF5E /* IntroView.swift */ = {isa = PBXFileReference; fileEncoding = 4; lastKnownFileType = sourcecode.swift; path = IntroView.swift; sourceTree = "<group>"; };
		B43E76339FF1B7BCB65FCEB0 /* Pods_Hello_World.framework */ = {isa = PBXFileReference; explicitFileType = wrapper.framework; includeInIndex = 0; path = Pods_Hello_World.framework; sourceTree = BUILT_PRODUCTS_DIR; };
		C2856F1D263CEF3F328670A7 /* Pods-Hello World.release.xcconfig */ = {isa = PBXFileReference; includeInIndex = 1; lastKnownFileType = text.xcconfig; name = "Pods-Hello World.release.xcconfig"; path = "Pods/Target Support Files/Pods-Hello World/Pods-Hello World.release.xcconfig"; sourceTree = "<group>"; };
/* End PBXFileReference section */

/* Begin PBXFrameworksBuildPhase section */
		7388AC1B1FBB78C100E3BF5E /* Frameworks */ = {
			isa = PBXFrameworksBuildPhase;
			buildActionMask = 2147483647;
			files = (
				9FE06A4879979CA550405854 /* Pods_Hello_World.framework in Frameworks */,
			);
			runOnlyForDeploymentPostprocessing = 0;
		};
/* End PBXFrameworksBuildPhase section */

/* Begin PBXGroup section */
		7388AC151FBB78C100E3BF5E = {
			isa = PBXGroup;
			children = (
				7388AC201FBB78C100E3BF5E /* Hello World */,
				7388AC1F1FBB78C100E3BF5E /* Products */,
				B7D7067BFB548E54F9C47206 /* Pods */,
				F0BF36E5A744477A9899ED62 /* Frameworks */,
			);
			sourceTree = "<group>";
		};
		7388AC1F1FBB78C100E3BF5E /* Products */ = {
			isa = PBXGroup;
			children = (
				7388AC1E1FBB78C100E3BF5E /* Hello World.app */,
			);
			name = Products;
			sourceTree = "<group>";
		};
		7388AC201FBB78C100E3BF5E /* Hello World */ = {
			isa = PBXGroup;
			children = (
				7388AC331FBB79E500E3BF5E /* IntroView.swift */,
				7388AC211FBB78C100E3BF5E /* AppDelegate.swift */,
				7388AC231FBB78C100E3BF5E /* ViewController.swift */,
				7388AC251FBB78C100E3BF5E /* Main.storyboard */,
				7388AC281FBB78C100E3BF5E /* Assets.xcassets */,
				7388AC2A1FBB78C100E3BF5E /* LaunchScreen.storyboard */,
				7388AC2D1FBB78C100E3BF5E /* Info.plist */,
			);
			path = "Hello World";
			sourceTree = "<group>";
		};
		B7D7067BFB548E54F9C47206 /* Pods */ = {
			isa = PBXGroup;
			children = (
				44A0D89A9252AA813FF67623 /* Pods-Hello World.debug.xcconfig */,
				C2856F1D263CEF3F328670A7 /* Pods-Hello World.release.xcconfig */,
			);
			name = Pods;
			sourceTree = "<group>";
		};
		F0BF36E5A744477A9899ED62 /* Frameworks */ = {
			isa = PBXGroup;
			children = (
				B43E76339FF1B7BCB65FCEB0 /* Pods_Hello_World.framework */,
			);
			name = Frameworks;
			sourceTree = "<group>";
		};
/* End PBXGroup section */

/* Begin PBXNativeTarget section */
		7388AC1D1FBB78C100E3BF5E /* Hello World */ = {
			isa = PBXNativeTarget;
			buildConfigurationList = 7388AC301FBB78C100E3BF5E /* Build configuration list for PBXNativeTarget "Hello World" */;
			buildPhases = (
				306FC36FBBD05AE044B8C2EF /* [CP] Check Pods Manifest.lock */,
				7388AC1A1FBB78C100E3BF5E /* Sources */,
				7388AC1B1FBB78C100E3BF5E /* Frameworks */,
				7388AC1C1FBB78C100E3BF5E /* Resources */,
				E6141616C0415F264FC2B5D1 /* [CP] Embed Pods Frameworks */,
				EECCFBC7DC38F3F4A27DBC05 /* [CP] Copy Pods Resources */,
			);
			buildRules = (
			);
			dependencies = (
			);
			name = "Hello World";
			productName = "Hello World";
			productReference = 7388AC1E1FBB78C100E3BF5E /* Hello World.app */;
			productType = "com.apple.product-type.application";
		};
/* End PBXNativeTarget section */

/* Begin PBXProject section */
		7388AC161FBB78C100E3BF5E /* Project object */ = {
			isa = PBXProject;
			attributes = {
				LastSwiftUpdateCheck = 0910;
				LastUpgradeCheck = 0910;
				ORGANIZATIONNAME = "Quantum Commune";
				TargetAttributes = {
					7388AC1D1FBB78C100E3BF5E = {
						CreatedOnToolsVersion = 9.1;
						ProvisioningStyle = Automatic;
					};
				};
			};
			buildConfigurationList = 7388AC191FBB78C100E3BF5E /* Build configuration list for PBXProject "Hello World" */;
			compatibilityVersion = "Xcode 8.0";
			developmentRegion = en;
			hasScannedForEncodings = 0;
			knownRegions = (
				en,
				Base,
			);
			mainGroup = 7388AC151FBB78C100E3BF5E;
			productRefGroup = 7388AC1F1FBB78C100E3BF5E /* Products */;
			projectDirPath = "";
			projectRoot = "";
			targets = (
				7388AC1D1FBB78C100E3BF5E /* Hello World */,
			);
		};
/* End PBXProject section */

/* Begin PBXResourcesBuildPhase section */
		7388AC1C1FBB78C100E3BF5E /* Resources */ = {
			isa = PBXResourcesBuildPhase;
			buildActionMask = 2147483647;
			files = (
				7388AC2C1FBB78C100E3BF5E /* LaunchScreen.storyboard in Resources */,
				7388AC291FBB78C100E3BF5E /* Assets.xcassets in Resources */,
				7388AC271FBB78C100E3BF5E /* Main.storyboard in Resources */,
			);
			runOnlyForDeploymentPostprocessing = 0;
		};
/* End PBXResourcesBuildPhase section */

/* Begin PBXShellScriptBuildPhase section */
		306FC36FBBD05AE044B8C2EF /* [CP] Check Pods Manifest.lock */ = {
			isa = PBXShellScriptBuildPhase;
			buildActionMask = 2147483647;
			files = (
			);
			inputPaths = (
				"${PODS_PODFILE_DIR_PATH}/Podfile.lock",
				"${PODS_ROOT}/Manifest.lock",
			);
			name = "[CP] Check Pods Manifest.lock";
			outputPaths = (
				"$(DERIVED_FILE_DIR)/Pods-Hello World-checkManifestLockResult.txt",
			);
			runOnlyForDeploymentPostprocessing = 0;
			shellPath = /bin/sh;
			shellScript = "diff \"${PODS_PODFILE_DIR_PATH}/Podfile.lock\" \"${PODS_ROOT}/Manifest.lock\" > /dev/null\nif [ $? != 0 ] ; then\n    # print error to STDERR\n    echo \"error: The sandbox is not in sync with the Podfile.lock. Run 'pod install' or update your CocoaPods installation.\" >&2\n    exit 1\nfi\n# This output is used by Xcode 'outputs' to avoid re-running this script phase.\necho \"SUCCESS\" > \"${SCRIPT_OUTPUT_FILE_0}\"\n";
			showEnvVarsInLog = 0;
		};
		E6141616C0415F264FC2B5D1 /* [CP] Embed Pods Frameworks */ = {
			isa = PBXShellScriptBuildPhase;
			buildActionMask = 2147483647;
			files = (
			);
			inputPaths = (
				"${SRCROOT}/Pods/Target Support Files/Pods-Hello World/Pods-Hello World-frameworks.sh",
				"${BUILT_PRODUCTS_DIR}/FlexLayout/FlexLayout.framework",
				"${BUILT_PRODUCTS_DIR}/PinLayout/PinLayout.framework",
				"${BUILT_PRODUCTS_DIR}/Yoga/yoga.framework",
				"${BUILT_PRODUCTS_DIR}/YogaKit/YogaKit.framework",
			);
			name = "[CP] Embed Pods Frameworks";
			outputPaths = (
				"${TARGET_BUILD_DIR}/${FRAMEWORKS_FOLDER_PATH}/FlexLayout.framework",
				"${TARGET_BUILD_DIR}/${FRAMEWORKS_FOLDER_PATH}/PinLayout.framework",
				"${TARGET_BUILD_DIR}/${FRAMEWORKS_FOLDER_PATH}/yoga.framework",
				"${TARGET_BUILD_DIR}/${FRAMEWORKS_FOLDER_PATH}/YogaKit.framework",
			);
			runOnlyForDeploymentPostprocessing = 0;
			shellPath = /bin/sh;
			shellScript = "\"${SRCROOT}/Pods/Target Support Files/Pods-Hello World/Pods-Hello World-frameworks.sh\"\n";
			showEnvVarsInLog = 0;
		};
		EECCFBC7DC38F3F4A27DBC05 /* [CP] Copy Pods Resources */ = {
			isa = PBXShellScriptBuildPhase;
			buildActionMask = 2147483647;
			files = (
			);
			inputPaths = (
			);
			name = "[CP] Copy Pods Resources";
			outputPaths = (
			);
			runOnlyForDeploymentPostprocessing = 0;
			shellPath = /bin/sh;
			shellScript = "\"${SRCROOT}/Pods/Target Support Files/Pods-Hello World/Pods-Hello World-resources.sh\"\n";
			showEnvVarsInLog = 0;
		};
/* End PBXShellScriptBuildPhase section */

/* Begin PBXSourcesBuildPhase section */
		7388AC1A1FBB78C100E3BF5E /* Sources */ = {
			isa = PBXSourcesBuildPhase;
			buildActionMask = 2147483647;
			files = (
				7388AC241FBB78C100E3BF5E /* ViewController.swift in Sources */,
				7388AC221FBB78C100E3BF5E /* AppDelegate.swift in Sources */,
				7388AC341FBB79E500E3BF5E /* IntroView.swift in Sources */,
			);
			runOnlyForDeploymentPostprocessing = 0;
		};
/* End PBXSourcesBuildPhase section */

/* Begin PBXVariantGroup section */
		7388AC251FBB78C100E3BF5E /* Main.storyboard */ = {
			isa = PBXVariantGroup;
			children = (
				7388AC261FBB78C100E3BF5E /* Base */,
			);
			name = Main.storyboard;
			sourceTree = "<group>";
		};
		7388AC2A1FBB78C100E3BF5E /* LaunchScreen.storyboard */ = {
			isa = PBXVariantGroup;
			children = (
				7388AC2B1FBB78C100E3BF5E /* Base */,
			);
			name = LaunchScreen.storyboard;
			sourceTree = "<group>";
		};
/* End PBXVariantGroup section */

/* Begin XCBuildConfiguration section */
		7388AC2E1FBB78C100E3BF5E /* Debug */ = {
			isa = XCBuildConfiguration;
			buildSettings = {
				ALWAYS_SEARCH_USER_PATHS = NO;
				CLANG_ANALYZER_NONNULL = YES;
				CLANG_ANALYZER_NUMBER_OBJECT_CONVERSION = YES_AGGRESSIVE;
				CLANG_CXX_LANGUAGE_STANDARD = "gnu++14";
				CLANG_CXX_LIBRARY = "libc++";
				CLANG_ENABLE_MODULES = YES;
				CLANG_ENABLE_OBJC_ARC = YES;
				CLANG_WARN_BLOCK_CAPTURE_AUTORELEASING = YES;
				CLANG_WARN_BOOL_CONVERSION = YES;
				CLANG_WARN_COMMA = YES;
				CLANG_WARN_CONSTANT_CONVERSION = YES;
				CLANG_WARN_DIRECT_OBJC_ISA_USAGE = YES_ERROR;
				CLANG_WARN_DOCUMENTATION_COMMENTS = YES;
				CLANG_WARN_EMPTY_BODY = YES;
				CLANG_WARN_ENUM_CONVERSION = YES;
				CLANG_WARN_INFINITE_RECURSION = YES;
				CLANG_WARN_INT_CONVERSION = YES;
				CLANG_WARN_NON_LITERAL_NULL_CONVERSION = YES;
				CLANG_WARN_OBJC_LITERAL_CONVERSION = YES;
				CLANG_WARN_OBJC_ROOT_CLASS = YES_ERROR;
				CLANG_WARN_RANGE_LOOP_ANALYSIS = YES;
				CLANG_WARN_STRICT_PROTOTYPES = YES;
				CLANG_WARN_SUSPICIOUS_MOVE = YES;
				CLANG_WARN_UNGUARDED_AVAILABILITY = YES_AGGRESSIVE;
				CLANG_WARN_UNREACHABLE_CODE = YES;
				CLANG_WARN__DUPLICATE_METHOD_MATCH = YES;
				CODE_SIGN_IDENTITY = "iPhone Developer";
				COPY_PHASE_STRIP = NO;
				DEBUG_INFORMATION_FORMAT = dwarf;
				ENABLE_STRICT_OBJC_MSGSEND = YES;
				ENABLE_TESTABILITY = YES;
				GCC_C_LANGUAGE_STANDARD = gnu11;
				GCC_DYNAMIC_NO_PIC = NO;
				GCC_NO_COMMON_BLOCKS = YES;
				GCC_OPTIMIZATION_LEVEL = 0;
				GCC_PREPROCESSOR_DEFINITIONS = (
					"DEBUG=1",
					"$(inherited)",
				);
				GCC_WARN_64_TO_32_BIT_CONVERSION = YES;
				GCC_WARN_ABOUT_RETURN_TYPE = YES_ERROR;
				GCC_WARN_UNDECLARED_SELECTOR = YES;
				GCC_WARN_UNINITIALIZED_AUTOS = YES_AGGRESSIVE;
				GCC_WARN_UNUSED_FUNCTION = YES;
				GCC_WARN_UNUSED_VARIABLE = YES;
				IPHONEOS_DEPLOYMENT_TARGET = 11.1;
				MTL_ENABLE_DEBUG_INFO = YES;
				ONLY_ACTIVE_ARCH = YES;
				SDKROOT = iphoneos;
				SWIFT_ACTIVE_COMPILATION_CONDITIONS = DEBUG;
				SWIFT_OPTIMIZATION_LEVEL = "-Onone";
			};
			name = Debug;
		};
		7388AC2F1FBB78C100E3BF5E /* Release */ = {
			isa = XCBuildConfiguration;
			buildSettings = {
				ALWAYS_SEARCH_USER_PATHS = NO;
				CLANG_ANALYZER_NONNULL = YES;
				CLANG_ANALYZER_NUMBER_OBJECT_CONVERSION = YES_AGGRESSIVE;
				CLANG_CXX_LANGUAGE_STANDARD = "gnu++14";
				CLANG_CXX_LIBRARY = "libc++";
				CLANG_ENABLE_MODULES = YES;
				CLANG_ENABLE_OBJC_ARC = YES;
				CLANG_WARN_BLOCK_CAPTURE_AUTORELEASING = YES;
				CLANG_WARN_BOOL_CONVERSION = YES;
				CLANG_WARN_COMMA = YES;
				CLANG_WARN_CONSTANT_CONVERSION = YES;
				CLANG_WARN_DIRECT_OBJC_ISA_USAGE = YES_ERROR;
				CLANG_WARN_DOCUMENTATION_COMMENTS = YES;
				CLANG_WARN_EMPTY_BODY = YES;
				CLANG_WARN_ENUM_CONVERSION = YES;
				CLANG_WARN_INFINITE_RECURSION = YES;
				CLANG_WARN_INT_CONVERSION = YES;
				CLANG_WARN_NON_LITERAL_NULL_CONVERSION = YES;
				CLANG_WARN_OBJC_LITERAL_CONVERSION = YES;
				CLANG_WARN_OBJC_ROOT_CLASS = YES_ERROR;
				CLANG_WARN_RANGE_LOOP_ANALYSIS = YES;
				CLANG_WARN_STRICT_PROTOTYPES = YES;
				CLANG_WARN_SUSPICIOUS_MOVE = YES;
				CLANG_WARN_UNGUARDED_AVAILABILITY = YES_AGGRESSIVE;
				CLANG_WARN_UNREACHABLE_CODE = YES;
				CLANG_WARN__DUPLICATE_METHOD_MATCH = YES;
				CODE_SIGN_IDENTITY = "iPhone Developer";
				COPY_PHASE_STRIP = NO;
				DEBUG_INFORMATION_FORMAT = "dwarf-with-dsym";
				ENABLE_NS_ASSERTIONS = NO;
				ENABLE_STRICT_OBJC_MSGSEND = YES;
				GCC_C_LANGUAGE_STANDARD = gnu11;
				GCC_NO_COMMON_BLOCKS = YES;
				GCC_WARN_64_TO_32_BIT_CONVERSION = YES;
				GCC_WARN_ABOUT_RETURN_TYPE = YES_ERROR;
				GCC_WARN_UNDECLARED_SELECTOR = YES;
				GCC_WARN_UNINITIALIZED_AUTOS = YES_AGGRESSIVE;
				GCC_WARN_UNUSED_FUNCTION = YES;
				GCC_WARN_UNUSED_VARIABLE = YES;
				IPHONEOS_DEPLOYMENT_TARGET = 11.1;
				MTL_ENABLE_DEBUG_INFO = NO;
				SDKROOT = iphoneos;
				SWIFT_OPTIMIZATION_LEVEL = "-Owholemodule";
				VALIDATE_PRODUCT = YES;
			};
			name = Release;
		};
		7388AC311FBB78C100E3BF5E /* Debug */ = {
			isa = XCBuildConfiguration;
			baseConfigurationReference = 44A0D89A9252AA813FF67623 /* Pods-Hello World.debug.xcconfig */;
			buildSettings = {
				ASSETCATALOG_COMPILER_APPICON_NAME = AppIcon;
				CODE_SIGN_STYLE = Automatic;
				INFOPLIST_FILE = "Hello World/Info.plist";
				LD_RUNPATH_SEARCH_PATHS = "$(inherited) @executable_path/Frameworks";
				PRODUCT_BUNDLE_IDENTIFIER = "com.sempiler.Hello-World";
				PRODUCT_NAME = "$(TARGET_NAME)";
				SWIFT_VERSION = 4.0;
				TARGETED_DEVICE_FAMILY = "1,2";
			};
			name = Debug;
		};
		7388AC321FBB78C100E3BF5E /* Release */ = {
			isa = XCBuildConfiguration;
			baseConfigurationReference = C2856F1D263CEF3F328670A7 /* Pods-Hello World.release.xcconfig */;
			buildSettings = {
				ASSETCATALOG_COMPILER_APPICON_NAME = AppIcon;
				CODE_SIGN_STYLE = Automatic;
				INFOPLIST_FILE = "Hello World/Info.plist";
				LD_RUNPATH_SEARCH_PATHS = "$(inherited) @executable_path/Frameworks";
				PRODUCT_BUNDLE_IDENTIFIER = "com.sempiler.Hello-World";
				PRODUCT_NAME = "$(TARGET_NAME)";
				SWIFT_VERSION = 4.0;
				TARGETED_DEVICE_FAMILY = "1,2";
			};
			name = Release;
		};
/* End XCBuildConfiguration section */

/* Begin XCConfigurationList section */
		7388AC191FBB78C100E3BF5E /* Build configuration list for PBXProject "Hello World" */ = {
			isa = XCConfigurationList;
			buildConfigurations = (
				7388AC2E1FBB78C100E3BF5E /* Debug */,
				7388AC2F1FBB78C100E3BF5E /* Release */,
			);
			defaultConfigurationIsVisible = 0;
			defaultConfigurationName = Release;
		};
		7388AC301FBB78C100E3BF5E /* Build configuration list for PBXNativeTarget "Hello World" */ = {
			isa = XCConfigurationList;
			buildConfigurations = (
				7388AC311FBB78C100E3BF5E /* Debug */,
				7388AC321FBB78C100E3BF5E /* Release */,
			);
			defaultConfigurationIsVisible = 0;
			defaultConfigurationName = Release;
		};
/* End XCConfigurationList section */
	};
	rootObject = 7388AC161FBB78C100E3BF5E /* Project object */;
}
