
Microsoft Visual Studio Solution File, Format Version 12.00
# Visual Studio 2012
Project("{FAE04EC0-301F-11D3-BF4B-00C04F79EFBC}") = "Proto", "Proto\Proto.csproj", "{584485F9-5056-436F-920A-5DA6F30D9D4B}"
EndProject
Project("{2150E333-8FDC-42A3-9474-1A3956D46DE8}") = "Core", "Core", "{FD9F8B60-F148-439F-8806-EDA566B89D1A}"
EndProject
Project("{FAE04EC0-301F-11D3-BF4B-00C04F79EFBC}") = "Core", "Core\Core.csproj", "{40FE0707-18FC-42C4-9750-21D27C4C816C}"
EndProject
Project("{2150E333-8FDC-42A3-9474-1A3956D46DE8}") = "Distribution", "Distribution", "{9218398E-0C79-45F4-BD97-A7D43E283E03}"
EndProject
Project("{FAE04EC0-301F-11D3-BF4B-00C04F79EFBC}") = "CLI", "Distribution\CLI\CLI.csproj", "{B3CC8DBF-24CB-4DE0-A570-3C3DB28F4836}"
EndProject
Global
	GlobalSection(SolutionConfigurationPlatforms) = preSolution
		Debug|Any CPU = Debug|Any CPU
		Release|Any CPU = Release|Any CPU
	EndGlobalSection
	GlobalSection(ProjectConfigurationPlatforms) = postSolution
		{584485F9-5056-436F-920A-5DA6F30D9D4B}.Debug|Any CPU.ActiveCfg = Debug|Any CPU
		{584485F9-5056-436F-920A-5DA6F30D9D4B}.Debug|Any CPU.Build.0 = Debug|Any CPU
		{584485F9-5056-436F-920A-5DA6F30D9D4B}.Release|Any CPU.ActiveCfg = Release|Any CPU
		{584485F9-5056-436F-920A-5DA6F30D9D4B}.Release|Any CPU.Build.0 = Release|Any CPU
		{40FE0707-18FC-42C4-9750-21D27C4C816C}.Debug|Any CPU.ActiveCfg = Debug|Any CPU
		{40FE0707-18FC-42C4-9750-21D27C4C816C}.Debug|Any CPU.Build.0 = Debug|Any CPU
		{40FE0707-18FC-42C4-9750-21D27C4C816C}.Release|Any CPU.ActiveCfg = Release|Any CPU
		{40FE0707-18FC-42C4-9750-21D27C4C816C}.Release|Any CPU.Build.0 = Release|Any CPU
		{B3CC8DBF-24CB-4DE0-A570-3C3DB28F4836}.Debug|Any CPU.ActiveCfg = Debug|Any CPU
		{B3CC8DBF-24CB-4DE0-A570-3C3DB28F4836}.Debug|Any CPU.Build.0 = Debug|Any CPU
		{B3CC8DBF-24CB-4DE0-A570-3C3DB28F4836}.Release|Any CPU.ActiveCfg = Release|Any CPU
		{B3CC8DBF-24CB-4DE0-A570-3C3DB28F4836}.Release|Any CPU.Build.0 = Release|Any CPU
		{BF14CC61-3F0D-484F-B785-C0F10CA08736}.Debug|Any CPU.ActiveCfg = Debug|Any CPU
		{BF14CC61-3F0D-484F-B785-C0F10CA08736}.Debug|Any CPU.Build.0 = Debug|Any CPU
		{BF14CC61-3F0D-484F-B785-C0F10CA08736}.Release|Any CPU.ActiveCfg = Release|Any CPU
		{BF14CC61-3F0D-484F-B785-C0F10CA08736}.Release|Any CPU.Build.0 = Release|Any CPU
		{40F15B29-96CA-4C60-A4D8-C515A32B3FB0}.Debug|Any CPU.ActiveCfg = Debug|Any CPU
		{40F15B29-96CA-4C60-A4D8-C515A32B3FB0}.Debug|Any CPU.Build.0 = Debug|Any CPU
		{40F15B29-96CA-4C60-A4D8-C515A32B3FB0}.Release|Any CPU.ActiveCfg = Release|Any CPU
		{40F15B29-96CA-4C60-A4D8-C515A32B3FB0}.Release|Any CPU.Build.0 = Release|Any CPU
		{960C2A43-D129-4268-90EA-E845A39718EC}.Debug|Any CPU.ActiveCfg = Debug|Any CPU
		{960C2A43-D129-4268-90EA-E845A39718EC}.Debug|Any CPU.Build.0 = Debug|Any CPU
		{960C2A43-D129-4268-90EA-E845A39718EC}.Release|Any CPU.ActiveCfg = Release|Any CPU
		{960C2A43-D129-4268-90EA-E845A39718EC}.Release|Any CPU.Build.0 = Release|Any CPU
	EndGlobalSection
	GlobalSection(NestedProjects) = preSolution
		{40FE0707-18FC-42C4-9750-21D27C4C816C} = {FD9F8B60-F148-439F-8806-EDA566B89D1A}
		{B3CC8DBF-24CB-4DE0-A570-3C3DB28F4836} = {9218398E-0C79-45F4-BD97-A7D43E283E03}
		{BF14CC61-3F0D-484F-B785-C0F10CA08736} = {41F546AC-12CE-4BCE-A19E-A05E630FA769}
		{40F15B29-96CA-4C60-A4D8-C515A32B3FB0} = {41F546AC-12CE-4BCE-A19E-A05E630FA769}
		{960C2A43-D129-4268-90EA-E845A39718EC} = {41F546AC-12CE-4BCE-A19E-A05E630FA769}
	EndGlobalSection
EndGlobal
